// !$*UTF8*$!
{
	archiveVersion = 1;
	classes = {
	};
	objectVersion = 56;
	objects = {

/* Begin PBXBuildFile section */
		953173E3E156E58C4837831F /* Pods_SwiftGeospatial.framework in Frameworks */ = {isa = PBXBuildFile; fileRef = 974E21B37E9BEE3C5AE04ADA /* Pods_SwiftGeospatial.framework */; };
		9FCB501D29325D3800BE3285 /* AppDelegate.m in Sources */ = {isa = PBXBuildFile; fileRef = 9FCB501C29325D3800BE3285 /* AppDelegate.m */; };
		9FCB502629325D3800BE3285 /* Main.storyboard in Resources */ = {isa = PBXBuildFile; fileRef = 9FCB502429325D3800BE3285 /* Main.storyboard */; };
		9FCB502829325D3900BE3285 /* Assets.xcassets in Resources */ = {isa = PBXBuildFile; fileRef = 9FCB502729325D3900BE3285 /* Assets.xcassets */; };
		9FCB502B29325D3900BE3285 /* LaunchScreen.storyboard in Resources */ = {isa = PBXBuildFile; fileRef = 9FCB502929325D3900BE3285 /* LaunchScreen.storyboard */; };
		9FCB502E29325D3900BE3285 /* main.m in Sources */ = {isa = PBXBuildFile; fileRef = 9FCB502D29325D3900BE3285 /* main.m */; };
		9FCB503B29326C9700BE3285 /* spatial-marker-yellow.png in Resources */ = {isa = PBXBuildFile; fileRef = 9FCB503A29326C9600BE3285 /* spatial-marker-yellow.png */; };
		9FCB503D29326CA700BE3285 /* spatial-marker-baked.png in Resources */ = {isa = PBXBuildFile; fileRef = 9FCB503C29326CA700BE3285 /* spatial-marker-baked.png */; };
		9FCB503F29326CB300BE3285 /* geospatial_marker.obj in Resources */ = {isa = PBXBuildFile; fileRef = 9FCB503E29326CB300BE3285 /* geospatial_marker.obj */; };
		9FCB50452933307000BE3285 /* ViewController.swift in Sources */ = {isa = PBXBuildFile; fileRef = 9FCB50442933307000BE3285 /* ViewController.swift */; };
		9FCB50662933368F00BE3285 /* ViewController.m in Sources */ = {isa = PBXBuildFile; fileRef = 9FCB502229325D3800BE3285 /* ViewController.m */; };
		9FFE07B429367B9700B401DD /* APIKey.swift in Sources */ = {isa = PBXBuildFile; fileRef = 9FFE07B329367B9700B401DD /* APIKey.swift */; };
/* End PBXBuildFile section */

/* Begin PBXFileReference section */
		41836F4FEBDD1B5A4D56FE15 /* Pods-SwiftGeospatial.debug.xcconfig */ = {isa = PBXFileReference; includeInIndex = 1; lastKnownFileType = text.xcconfig; name = "Pods-SwiftGeospatial.debug.xcconfig"; path = "Target Support Files/Pods-SwiftGeospatial/Pods-SwiftGeospatial.debug.xcconfig"; sourceTree = "<group>"; };
		7E2E75266B32D3061598A9F4 /* Pods-SwiftGeospatial.release.xcconfig */ = {isa = PBXFileReference; includeInIndex = 1; lastKnownFileType = text.xcconfig; name = "Pods-SwiftGeospatial.release.xcconfig"; path = "Target Support Files/Pods-SwiftGeospatial/Pods-SwiftGeospatial.release.xcconfig"; sourceTree = "<group>"; };
		974E21B37E9BEE3C5AE04ADA /* Pods_SwiftGeospatial.framework */ = {isa = PBXFileReference; explicitFileType = wrapper.framework; includeInIndex = 0; path = Pods_SwiftGeospatial.framework; sourceTree = BUILT_PRODUCTS_DIR; };
		9FCB501829325D3800BE3285 /* SwiftGeospatial.app */ = {isa = PBXFileReference; explicitFileType = wrapper.application; includeInIndex = 0; path = SwiftGeospatial.app; sourceTree = BUILT_PRODUCTS_DIR; };
		9FCB501B29325D3800BE3285 /* AppDelegate.h */ = {isa = PBXFileReference; lastKnownFileType = sourcecode.c.h; path = AppDelegate.h; sourceTree = "<group>"; };
		9FCB501C29325D3800BE3285 /* AppDelegate.m */ = {isa = PBXFileReference; lastKnownFileType = sourcecode.c.objc; path = AppDelegate.m; sourceTree = "<group>"; };
		9FCB502129325D3800BE3285 /* ViewController.h */ = {isa = PBXFileReference; lastKnownFileType = sourcecode.c.h; path = ViewController.h; sourceTree = "<group>"; };
		9FCB502229325D3800BE3285 /* ViewController.m */ = {isa = PBXFileReference; lastKnownFileType = sourcecode.c.objc; path = ViewController.m; sourceTree = "<group>"; };
		9FCB502529325D3800BE3285 /* Base */ = {isa = PBXFileReference; lastKnownFileType = file.storyboard; name = Base; path = Base.lproj/Main.storyboard; sourceTree = "<group>"; };
		9FCB502729325D3900BE3285 /* Assets.xcassets */ = {isa = PBXFileReference; lastKnownFileType = folder.assetcatalog; path = Assets.xcassets; sourceTree = "<group>"; };
		9FCB502A29325D3900BE3285 /* Base */ = {isa = PBXFileReference; lastKnownFileType = file.storyboard; name = Base; path = Base.lproj/LaunchScreen.storyboard; sourceTree = "<group>"; };
		9FCB502C29325D3900BE3285 /* Info.plist */ = {isa = PBXFileReference; lastKnownFileType = text.plist.xml; path = Info.plist; sourceTree = "<group>"; };
		9FCB502D29325D3900BE3285 /* main.m */ = {isa = PBXFileReference; lastKnownFileType = sourcecode.c.objc; path = main.m; sourceTree = "<group>"; };
		9FCB503A29326C9600BE3285 /* spatial-marker-yellow.png */ = {isa = PBXFileReference; lastKnownFileType = image.png; name = "spatial-marker-yellow.png"; path = "../../GeospatialExample/GeospatialExample/spatial-marker-yellow.png"; sourceTree = "<group>"; };
		9FCB503C29326CA700BE3285 /* spatial-marker-baked.png */ = {isa = PBXFileReference; lastKnownFileType = image.png; name = "spatial-marker-baked.png"; path = "../../GeospatialExample/GeospatialExample/spatial-marker-baked.png"; sourceTree = "<group>"; };
		9FCB503E29326CB300BE3285 /* geospatial_marker.obj */ = {isa = PBXFileReference; fileEncoding = 4; lastKnownFileType = text; name = geospatial_marker.obj; path = ../../GeospatialExample/GeospatialExample/geospatial_marker.obj; sourceTree = "<group>"; };
		9FCB50432933307000BE3285 /* SwiftGeospatial-Bridging-Header.h */ = {isa = PBXFileReference; lastKnownFileType = sourcecode.c.h; path = "SwiftGeospatial-Bridging-Header.h"; sourceTree = "<group>"; };
		9FCB50442933307000BE3285 /* ViewController.swift */ = {isa = PBXFileReference; lastKnownFileType = sourcecode.swift; path = ViewController.swift; sourceTree = "<group>"; };
		9FFE07B329367B9700B401DD /* APIKey.swift */ = {isa = PBXFileReference; lastKnownFileType = sourcecode.swift; path = APIKey.swift; sourceTree = "<group>"; };
/* End PBXFileReference section */

/* Begin PBXFrameworksBuildPhase section */
		9FCB501529325D3800BE3285 /* Frameworks */ = {
			isa = PBXFrameworksBuildPhase;
			buildActionMask = 2147483647;
			files = (
				953173E3E156E58C4837831F /* Pods_SwiftGeospatial.framework in Frameworks */,
			);
			runOnlyForDeploymentPostprocessing = 0;
		};
/* End PBXFrameworksBuildPhase section */

/* Begin PBXGroup section */
		4BF00F2BFE297D304A6E2B7B /* Pods */ = {
			isa = PBXGroup;
			children = (
				41836F4FEBDD1B5A4D56FE15 /* Pods-SwiftGeospatial.debug.xcconfig */,
				7E2E75266B32D3061598A9F4 /* Pods-SwiftGeospatial.release.xcconfig */,
			);
			path = Pods;
			sourceTree = "<group>";
		};
		9FCB500F29325D3800BE3285 = {
			isa = PBXGroup;
			children = (
				9FCB501A29325D3800BE3285 /* SwiftGeospatial */,
				9FCB501929325D3800BE3285 /* Products */,
				4BF00F2BFE297D304A6E2B7B /* Pods */,
				B2D4668C3A26845FD82A651A /* Frameworks */,
			);
			sourceTree = "<group>";
		};
		9FCB501929325D3800BE3285 /* Products */ = {
			isa = PBXGroup;
			children = (
				9FCB501829325D3800BE3285 /* SwiftGeospatial.app */,
			);
			name = Products;
			sourceTree = "<group>";
		};
		9FCB501A29325D3800BE3285 /* SwiftGeospatial */ = {
			isa = PBXGroup;
			children = (
				9FCB503A29326C9600BE3285 /* spatial-marker-yellow.png */,
				9FCB503C29326CA700BE3285 /* spatial-marker-baked.png */,
				9FCB503E29326CB300BE3285 /* geospatial_marker.obj */,
				9FCB501B29325D3800BE3285 /* AppDelegate.h */,
				9FCB501C29325D3800BE3285 /* AppDelegate.m */,
				9FCB502129325D3800BE3285 /* ViewController.h */,
				9FCB502229325D3800BE3285 /* ViewController.m */,
				9FCB50442933307000BE3285 /* ViewController.swift */,
				9FFE07B329367B9700B401DD /* APIKey.swift */,
				9FCB502429325D3800BE3285 /* Main.storyboard */,
				9FCB502729325D3900BE3285 /* Assets.xcassets */,
				9FCB502929325D3900BE3285 /* LaunchScreen.storyboard */,
				9FCB502C29325D3900BE3285 /* Info.plist */,
				9FCB502D29325D3900BE3285 /* main.m */,
				9FCB50432933307000BE3285 /* SwiftGeospatial-Bridging-Header.h */,
			);
			path = SwiftGeospatial;
			sourceTree = "<group>";
		};
		B2D4668C3A26845FD82A651A /* Frameworks */ = {
			isa = PBXGroup;
			children = (
				974E21B37E9BEE3C5AE04ADA /* Pods_SwiftGeospatial.framework */,
			);
			name = Frameworks;
			sourceTree = "<group>";
		};
/* End PBXGroup section */

/* Begin PBXNativeTarget section */
		9FCB501729325D3800BE3285 /* SwiftGeospatial */ = {
			isa = PBXNativeTarget;
			buildConfigurationList = 9FCB503129325D3900BE3285 /* Build configuration list for PBXNativeTarget "SwiftGeospatial" */;
			buildPhases = (
				E4E747A112F30231D6AABD83 /* [CP] Check Pods Manifest.lock */,
				9FCB501429325D3800BE3285 /* Sources */,
				9FCB501529325D3800BE3285 /* Frameworks */,
				9FCB501629325D3800BE3285 /* Resources */,
				7AB63B25005264A506BF0128 /* [CP] Embed Pods Frameworks */,
				E09B4E8540A3A0995C713125 /* [CP] Copy Pods Resources */,
			);
			buildRules = (
			);
			dependencies = (
			);
			name = SwiftGeospatial;
			productName = SwiftGeospatial;
			productReference = 9FCB501829325D3800BE3285 /* SwiftGeospatial.app */;
			productType = "com.apple.product-type.application";
		};
/* End PBXNativeTarget section */

/* Begin PBXProject section */
		9FCB501029325D3800BE3285 /* Project object */ = {
			isa = PBXProject;
			attributes = {
				BuildIndependentTargetsInParallel = 1;
				LastUpgradeCheck = 1410;
				TargetAttributes = {
					9FCB501729325D3800BE3285 = {
						CreatedOnToolsVersion = 14.1;
						LastSwiftMigration = 1410;
					};
				};
			};
			buildConfigurationList = 9FCB501329325D3800BE3285 /* Build configuration list for PBXProject "SwiftGeospatial" */;
			compatibilityVersion = "Xcode 14.0";
			developmentRegion = en;
			hasScannedForEncodings = 0;
			knownRegions = (
				en,
				Base,
			);
			mainGroup = 9FCB500F29325D3800BE3285;
			productRefGroup = 9FCB501929325D3800BE3285 /* Products */;
			projectDirPath = "";
			projectRoot = "";
			targets = (
				9FCB501729325D3800BE3285 /* SwiftGeospatial */,
			);
		};
/* End PBXProject section */

/* Begin PBXResourcesBuildPhase section */
		9FCB501629325D3800BE3285 /* Resources */ = {
			isa = PBXResourcesBuildPhase;
			buildActionMask = 2147483647;
			files = (
				9FCB503D29326CA700BE3285 /* spatial-marker-baked.png in Resources */,
				9FCB502B29325D3900BE3285 /* LaunchScreen.storyboard in Resources */,
				9FCB503F29326CB300BE3285 /* geospatial_marker.obj in Resources */,
				9FCB502829325D3900BE3285 /* Assets.xcassets in Resources */,
				9FCB503B29326C9700BE3285 /* spatial-marker-yellow.png in Resources */,
				9FCB502629325D3800BE3285 /* Main.storyboard in Resources */,
			);
			runOnlyForDeploymentPostprocessing = 0;
		};
/* End PBXResourcesBuildPhase section */

/* Begin PBXShellScriptBuildPhase section */
		7AB63B25005264A506BF0128 /* [CP] Embed Pods Frameworks */ = {
			isa = PBXShellScriptBuildPhase;
			buildActionMask = 2147483647;
			files = (
			);
			inputFileListPaths = (
				"${PODS_ROOT}/Target Support Files/Pods-SwiftGeospatial/Pods-SwiftGeospatial-frameworks-${CONFIGURATION}-input-files.xcfilelist",
			);
			name = "[CP] Embed Pods Frameworks";
			outputFileListPaths = (
				"${PODS_ROOT}/Target Support Files/Pods-SwiftGeospatial/Pods-SwiftGeospatial-frameworks-${CONFIGURATION}-output-files.xcfilelist",
			);
			runOnlyForDeploymentPostprocessing = 0;
			shellPath = /bin/sh;
			shellScript = "\"${PODS_ROOT}/Target Support Files/Pods-SwiftGeospatial/Pods-SwiftGeospatial-frameworks.sh\"\n";
			showEnvVarsInLog = 0;
		};
		E09B4E8540A3A0995C713125 /* [CP] Copy Pods Resources */ = {
			isa = PBXShellScriptBuildPhase;
			buildActionMask = 2147483647;
			files = (
			);
			inputFileListPaths = (
				"${PODS_ROOT}/Target Support Files/Pods-SwiftGeospatial/Pods-SwiftGeospatial-resources-${CONFIGURATION}-input-files.xcfilelist",
			);
			name = "[CP] Copy Pods Resources";
			outputFileListPaths = (
				"${PODS_ROOT}/Target Support Files/Pods-SwiftGeospatial/Pods-SwiftGeospatial-resources-${CONFIGURATION}-output-files.xcfilelist",
			);
			runOnlyForDeploymentPostprocessing = 0;
			shellPath = /bin/sh;
			shellScript = "\"${PODS_ROOT}/Target Support Files/Pods-SwiftGeospatial/Pods-SwiftGeospatial-resources.sh\"\n";
			showEnvVarsInLog = 0;
		};
		E4E747A112F30231D6AABD83 /* [CP] Check Pods Manifest.lock */ = {
			isa = PBXShellScriptBuildPhase;
			buildActionMask = 2147483647;
			files = (
			);
			inputFileListPaths = (
			);
			inputPaths = (
				"${PODS_PODFILE_DIR_PATH}/Podfile.lock",
				"${PODS_ROOT}/Manifest.lock",
			);
			name = "[CP] Check Pods Manifest.lock";
			outputFileListPaths = (
			);
			outputPaths = (
				"$(DERIVED_FILE_DIR)/Pods-SwiftGeospatial-checkManifestLockResult.txt",
			);
			runOnlyForDeploymentPostprocessing = 0;
			shellPath = /bin/sh;
			shellScript = "diff \"${PODS_PODFILE_DIR_PATH}/Podfile.lock\" \"${PODS_ROOT}/Manifest.lock\" > /dev/null\nif [ $? != 0 ] ; then\n    # print error to STDERR\n    echo \"error: The sandbox is not in sync with the Podfile.lock. Run 'pod install' or update your CocoaPods installation.\" >&2\n    exit 1\nfi\n# This output is used by Xcode 'outputs' to avoid re-running this script phase.\necho \"SUCCESS\" > \"${SCRIPT_OUTPUT_FILE_0}\"\n";
			showEnvVarsInLog = 0;
		};
/* End PBXShellScriptBuildPhase section */

/* Begin PBXSourcesBuildPhase section */
		9FCB501429325D3800BE3285 /* Sources */ = {
			isa = PBXSourcesBuildPhase;
			buildActionMask = 2147483647;
			files = (
				9FCB501D29325D3800BE3285 /* AppDelegate.m in Sources */,
				9FCB50452933307000BE3285 /* ViewController.swift in Sources */,
				9FCB50662933368F00BE3285 /* ViewController.m in Sources */,
				9FCB502E29325D3900BE3285 /* main.m in Sources */,
				9FFE07B429367B9700B401DD /* APIKey.swift in Sources */,
			);
			runOnlyForDeploymentPostprocessing = 0;
		};
/* End PBXSourcesBuildPhase section */

/* Begin PBXVariantGroup section */
		9FCB502429325D3800BE3285 /* Main.storyboard */ = {
			isa = PBXVariantGroup;
			children = (
				9FCB502529325D3800BE3285 /* Base */,
			);
			name = Main.storyboard;
			sourceTree = "<group>";
		};
		9FCB502929325D3900BE3285 /* LaunchScreen.storyboard */ = {
			isa = PBXVariantGroup;
			children = (
				9FCB502A29325D3900BE3285 /* Base */,
			);
			name = LaunchScreen.storyboard;
			sourceTree = "<group>";
		};
/* End PBXVariantGroup section */

/* Begin XCBuildConfiguration section */
		9FCB502F29325D3900BE3285 /* Debug */ = {
			isa = XCBuildConfiguration;
			buildSettings = {
				ALWAYS_SEARCH_USER_PATHS = NO;
				CLANG_ANALYZER_NONNULL = YES;
				CLANG_ANALYZER_NUMBER_OBJECT_CONVERSION = YES_AGGRESSIVE;
				CLANG_CXX_LANGUAGE_STANDARD = "gnu++20";
				CLANG_ENABLE_MODULES = YES;
				CLANG_ENABLE_OBJC_ARC = YES;
				CLANG_ENABLE_OBJC_WEAK = YES;
				CLANG_WARN_BLOCK_CAPTURE_AUTORELEASING = YES;
				CLANG_WARN_BOOL_CONVERSION = YES;
				CLANG_WARN_COMMA = YES;
				CLANG_WARN_CONSTANT_CONVERSION = YES;
				CLANG_WARN_DEPRECATED_OBJC_IMPLEMENTATIONS = YES;
				CLANG_WARN_DIRECT_OBJC_ISA_USAGE = YES_ERROR;
				CLANG_WARN_DOCUMENTATION_COMMENTS = YES;
				CLANG_WARN_EMPTY_BODY = YES;
				CLANG_WARN_ENUM_CONVERSION = YES;
				CLANG_WARN_INFINITE_RECURSION = YES;
				CLANG_WARN_INT_CONVERSION = YES;
				CLANG_WARN_NON_LITERAL_NULL_CONVERSION = YES;
				CLANG_WARN_OBJC_IMPLICIT_RETAIN_SELF = YES;
				CLANG_WARN_OBJC_LITERAL_CONVERSION = YES;
				CLANG_WARN_OBJC_ROOT_CLASS = YES_ERROR;
				CLANG_WARN_QUOTED_INCLUDE_IN_FRAMEWORK_HEADER = YES;
				CLANG_WARN_RANGE_LOOP_ANALYSIS = YES;
				CLANG_WARN_STRICT_PROTOTYPES = YES;
				CLANG_WARN_SUSPICIOUS_MOVE = YES;
				CLANG_WARN_UNGUARDED_AVAILABILITY = YES_AGGRESSIVE;
				CLANG_WARN_UNREACHABLE_CODE = YES;
				CLANG_WARN__DUPLICATE_METHOD_MATCH = YES;
				COPY_PHASE_STRIP = NO;
				DEBUG_INFORMATION_FORMAT = dwarf;
				ENABLE_STRICT_OBJC_MSGSEND = YES;
				ENABLE_TESTABILITY = YES;
				GCC_C_LANGUAGE_STANDARD = gnu11;
				GCC_DYNAMIC_NO_PIC = NO;
				GCC_NO_COMMON_BLOCKS = YES;
				GCC_OPTIMIZATION_LEVEL = 0;
				GCC_PREPROCESSOR_DEFINITIONS = (
					"DEBUG=1",
					"$(inherited)",
				);
				GCC_WARN_64_TO_32_BIT_CONVERSION = YES;
				GCC_WARN_ABOUT_RETURN_TYPE = YES_ERROR;
				GCC_WARN_UNDECLARED_SELECTOR = YES;
				GCC_WARN_UNINITIALIZED_AUTOS = YES_AGGRESSIVE;
				GCC_WARN_UNUSED_FUNCTION = YES;
				GCC_WARN_UNUSED_VARIABLE = YES;
				IPHONEOS_DEPLOYMENT_TARGET = 16.1;
				MTL_ENABLE_DEBUG_INFO = INCLUDE_SOURCE;
				MTL_FAST_MATH = YES;
				ONLY_ACTIVE_ARCH = YES;
				SDKROOT = iphoneos;
			};
			name = Debug;
		};
		9FCB503029325D3900BE3285 /* Release */ = {
			isa = XCBuildConfiguration;
			buildSettings = {
				ALWAYS_SEARCH_USER_PATHS = NO;
				CLANG_ANALYZER_NONNULL = YES;
				CLANG_ANALYZER_NUMBER_OBJECT_CONVERSION = YES_AGGRESSIVE;
				CLANG_CXX_LANGUAGE_STANDARD = "gnu++20";
				CLANG_ENABLE_MODULES = YES;
				CLANG_ENABLE_OBJC_ARC = YES;
				CLANG_ENABLE_OBJC_WEAK = YES;
				CLANG_WARN_BLOCK_CAPTURE_AUTORELEASING = YES;
				CLANG_WARN_BOOL_CONVERSION = YES;
				CLANG_WARN_COMMA = YES;
				CLANG_WARN_CONSTANT_CONVERSION = YES;
				CLANG_WARN_DEPRECATED_OBJC_IMPLEMENTATIONS = YES;
				CLANG_WARN_DIRECT_OBJC_ISA_USAGE = YES_ERROR;
				CLANG_WARN_DOCUMENTATION_COMMENTS = YES;
				CLANG_WARN_EMPTY_BODY = YES;
				CLANG_WARN_ENUM_CONVERSION = YES;
				CLANG_WARN_INFINITE_RECURSION = YES;
				CLANG_WARN_INT_CONVERSION = YES;
				CLANG_WARN_NON_LITERAL_NULL_CONVERSION = YES;
				CLANG_WARN_OBJC_IMPLICIT_RETAIN_SELF = YES;
				CLANG_WARN_OBJC_LITERAL_CONVERSION = YES;
				CLANG_WARN_OBJC_ROOT_CLASS = YES_ERROR;
				CLANG_WARN_QUOTED_INCLUDE_IN_FRAMEWORK_HEADER = YES;
				CLANG_WARN_RANGE_LOOP_ANALYSIS = YES;
				CLANG_WARN_STRICT_PROTOTYPES = YES;
				CLANG_WARN_SUSPICIOUS_MOVE = YES;
				CLANG_WARN_UNGUARDED_AVAILABILITY = YES_AGGRESSIVE;
				CLANG_WARN_UNREACHABLE_CODE = YES;
				CLANG_WARN__DUPLICATE_METHOD_MATCH = YES;
				COPY_PHASE_STRIP = NO;
				DEBUG_INFORMATION_FORMAT = "dwarf-with-dsym";
				ENABLE_NS_ASSERTIONS = NO;
				ENABLE_STRICT_OBJC_MSGSEND = YES;
				GCC_C_LANGUAGE_STANDARD = gnu11;
				GCC_NO_COMMON_BLOCKS = YES;
				GCC_WARN_64_TO_32_BIT_CONVERSION = YES;
				GCC_WARN_ABOUT_RETURN_TYPE = YES_ERROR;
				GCC_WARN_UNDECLARED_SELECTOR = YES;
				GCC_WARN_UNINITIALIZED_AUTOS = YES_AGGRESSIVE;
				GCC_WARN_UNUSED_FUNCTION = YES;
				GCC_WARN_UNUSED_VARIABLE = YES;
				IPHONEOS_DEPLOYMENT_TARGET = 16.1;
				MTL_ENABLE_DEBUG_INFO = NO;
				MTL_FAST_MATH = YES;
				SDKROOT = iphoneos;
				VALIDATE_PRODUCT = YES;
			};
			name = Release;
		};
		9FCB503229325D3900BE3285 /* Debug */ = {
			isa = XCBuildConfiguration;
			baseConfigurationReference = 41836F4FEBDD1B5A4D56FE15 /* Pods-SwiftGeospatial.debug.xcconfig */;
			buildSettings = {
				ASSETCATALOG_COMPILER_APPICON_NAME = AppIcon;
				ASSETCATALOG_COMPILER_GLOBAL_ACCENT_COLOR_NAME = AccentColor;
				CLANG_ENABLE_MODULES = YES;
				CODE_SIGN_STYLE = Automatic;
				CURRENT_PROJECT_VERSION = 1;
				DEFINES_MODULE = NO;
				DEVELOPMENT_TEAM = RYRF347865;
				GENERATE_INFOPLIST_FILE = YES;
				INFOPLIST_FILE = SwiftGeospatial/Info.plist;
				INFOPLIST_KEY_UIApplicationSupportsIndirectInputEvents = YES;
				INFOPLIST_KEY_UILaunchStoryboardName = LaunchScreen;
				INFOPLIST_KEY_UIMainStoryboardFile = Main;
				INFOPLIST_KEY_UISupportedInterfaceOrientations_iPad = "UIInterfaceOrientationPortrait UIInterfaceOrientationPortraitUpsideDown UIInterfaceOrientationLandscapeLeft UIInterfaceOrientationLandscapeRight";
				INFOPLIST_KEY_UISupportedInterfaceOrientations_iPhone = "UIInterfaceOrientationPortrait UIInterfaceOrientationLandscapeLeft UIInterfaceOrientationLandscapeRight";
				LD_RUNPATH_SEARCH_PATHS = (
					"$(inherited)",
					"@executable_path/Frameworks",
				);
				MARKETING_VERSION = 1.0;
				PRODUCT_BUNDLE_IDENTIFIER = com.tftf161107.dev;
				PRODUCT_NAME = "$(TARGET_NAME)";
				SWIFT_EMIT_LOC_STRINGS = YES;
				SWIFT_OBJC_BRIDGING_HEADER = "SwiftGeospatial/SwiftGeospatial-Bridging-Header.h";
				SWIFT_OPTIMIZATION_LEVEL = "-Onone";
				SWIFT_VERSION = 5.0;
				TARGETED_DEVICE_FAMILY = "1,2";
			};
			name = Debug;
		};
		9FCB503329325D3900BE3285 /* Release */ = {
			isa = XCBuildConfiguration;
			baseConfigurationReference = 7E2E75266B32D3061598A9F4 /* Pods-SwiftGeospatial.release.xcconfig */;
			buildSettings = {
				ASSETCATALOG_COMPILER_APPICON_NAME = AppIcon;
				ASSETCATALOG_COMPILER_GLOBAL_ACCENT_COLOR_NAME = AccentColor;
				CLANG_ENABLE_MODULES = YES;
				CODE_SIGN_STYLE = Automatic;
				CURRENT_PROJECT_VERSION = 1;
				DEFINES_MODULE = NO;
				DEVELOPMENT_TEAM = RYRF347865;
				GENERATE_INFOPLIST_FILE = YES;
				INFOPLIST_FILE = SwiftGeospatial/Info.plist;
				INFOPLIST_KEY_UIApplicationSupportsIndirectInputEvents = YES;
				INFOPLIST_KEY_UILaunchStoryboardName = LaunchScreen;
				INFOPLIST_KEY_UIMainStoryboardFile = Main;
				INFOPLIST_KEY_UISupportedInterfaceOrientations_iPad = "UIInterfaceOrientationPortrait UIInterfaceOrientationPortraitUpsideDown UIInterfaceOrientationLandscapeLeft UIInterfaceOrientationLandscapeRight";
				INFOPLIST_KEY_UISupportedInterfaceOrientations_iPhone = "UIInterfaceOrientationPortrait UIInterfaceOrientationLandscapeLeft UIInterfaceOrientationLandscapeRight";
				LD_RUNPATH_SEARCH_PATHS = (
					"$(inherited)",
					"@executable_path/Frameworks",
				);
				MARKETING_VERSION = 1.0;
				PRODUCT_BUNDLE_IDENTIFIER = com.tftf161107.dev;
				PRODUCT_NAME = "$(TARGET_NAME)";
				SWIFT_EMIT_LOC_STRINGS = YES;
				SWIFT_OBJC_BRIDGING_HEADER = "SwiftGeospatial/SwiftGeospatial-Bridging-Header.h";
				SWIFT_VERSION = 5.0;
				TARGETED_DEVICE_FAMILY = "1,2";
			};
			name = Release;
		};
/* End XCBuildConfiguration section */

/* Begin XCConfigurationList section */
		9FCB501329325D3800BE3285 /* Build configuration list for PBXProject "SwiftGeospatial" */ = {
			isa = XCConfigurationList;
			buildConfigurations = (
				9FCB502F29325D3900BE3285 /* Debug */,
				9FCB503029325D3900BE3285 /* Release */,
			);
			defaultConfigurationIsVisible = 0;
			defaultConfigurationName = Release;
		};
		9FCB503129325D3900BE3285 /* Build configuration list for PBXNativeTarget "SwiftGeospatial" */ = {
			isa = XCConfigurationList;
			buildConfigurations = (
				9FCB503229325D3900BE3285 /* Debug */,
				9FCB503329325D3900BE3285 /* Release */,
			);
			defaultConfigurationIsVisible = 0;
			defaultConfigurationName = Release;
		};
/* End XCConfigurationList section */
	};
	rootObject = 9FCB501029325D3800BE3285 /* Project object */;
}
